
Microsoft Visual Studio Solution File, Format Version 12.00
# Visual Studio Version 16
VisualStudioVersion = 16.0.33529.622
MinimumVisualStudioVersion = 10.0.40219.1
Project("{9A19103F-16F7-4668-BE54-9A1E7A4F7556}") = "BudgetTracker.Domain", "BudgetTracker.Domain\BudgetTracker.Domain.csproj", "{B83EE232-9A32-4638-A191-0CB270FB4664}"
EndProject
Project("{9A19103F-16F7-4668-BE54-9A1E7A4F7556}") = "BudgetTracker.EntityFramework", "BudgetTracker.EntityFramework\BudgetTracker.EntityFramework.csproj", "{4C275CAB-F91A-4F24-B099-FE6428341393}"
EndProject
Project("{FAE04EC0-301F-11D3-BF4B-00C04F79EFBC}") = "BudgetTracker.WPF", "BudgetTracker.WPF\BudgetTracker.WPF.csproj", "{EEEAEE3A-B0E7-461F-B79F-EF74FC33B981}"
EndProject
Global
	GlobalSection(SolutionConfigurationPlatforms) = preSolution
		Debug|Any CPU = Debug|Any CPU
		Release|Any CPU = Release|Any CPU
	EndGlobalSection
	GlobalSection(ProjectConfigurationPlatforms) = postSolution
		{B83EE232-9A32-4638-A191-0CB270FB4664}.Debug|Any CPU.ActiveCfg = Debug|Any CPU
		{B83EE232-9A32-4638-A191-0CB270FB4664}.Debug|Any CPU.Build.0 = Debug|Any CPU
		{B83EE232-9A32-4638-A191-0CB270FB4664}.Release|Any CPU.ActiveCfg = Release|Any CPU
		{B83EE232-9A32-4638-A191-0CB270FB4664}.Release|Any CPU.Build.0 = Release|Any CPU
		{4C275CAB-F91A-4F24-B099-FE6428341393}.Debug|Any CPU.ActiveCfg = Debug|Any CPU
		{4C275CAB-F91A-4F24-B099-FE6428341393}.Debug|Any CPU.Build.0 = Debug|Any CPU
		{4C275CAB-F91A-4F24-B099-FE6428341393}.Release|Any CPU.ActiveCfg = Release|Any CPU
		{4C275CAB-F91A-4F24-B099-FE6428341393}.Release|Any CPU.Build.0 = Release|Any CPU
		{EEEAEE3A-B0E7-461F-B79F-EF74FC33B981}.Debug|Any CPU.ActiveCfg = Debug|Any CPU
		{EEEAEE3A-B0E7-461F-B79F-EF74FC33B981}.Debug|Any CPU.Build.0 = Debug|Any CPU
		{EEEAEE3A-B0E7-461F-B79F-EF74FC33B981}.Release|Any CPU.ActiveCfg = Release|Any CPU
		{EEEAEE3A-B0E7-461F-B79F-EF74FC33B981}.Release|Any CPU.Build.0 = Release|Any CPU
	EndGlobalSection
	GlobalSection(SolutionProperties) = preSolution
		HideSolutionNode = FALSE
	EndGlobalSection
	GlobalSection(ExtensibilityGlobals) = postSolution
		SolutionGuid = {EA802F55-4C5C-4374-BDAA-8E9575DE2BB6}
	EndGlobalSection
EndGlobal
